{
    "name": "Matrix-TG-Bridge-CF-Worker",
    "lockfileVersion": 3,
    "requires": true,
    "packages": {
        "": {
            "dependencies": {
                "crypto-js": "^4.2.0"
            },
            "devDependencies": {
                "@cloudflare/workers-types": "^4.20241224.0",
                "typescript": "^5.7.2"
            }
        },
        "node_modules/@cloudflare/workers-types": {
            "version": "4.20241224.0",
            "resolved": "https://registry.npmjs.org/@cloudflare/workers-types/-/workers-types-4.20241224.0.tgz",
            "integrity": "sha512-1ZmFc8qqM7S/HUGmLplc4P8n8DoMqiJmc47r9Lr7VbuaotoqCXVljz09w1V1mc4K3pbFPgvqSy4XYStZ08HrlQ==",
            "dev": true,
            "license": "MIT OR Apache-2.0"
        },
        "node_modules/crypto-js": {
            "version": "4.2.0",
            "resolved": "https://registry.npmjs.org/crypto-js/-/crypto-js-4.2.0.tgz",
            "integrity": "sha512-KALDyEYgpY+Rlob/iriUtjV6d5Eq+Y191A5g4UqLAi8CyGP9N1+FdVbkc1SxKc2r4YAYqG8JzO2KGL+AizD70Q==",
            "license": "MIT"
        },
        "node_modules/typescript": {
            "version": "5.7.2",
            "resolved": "https://registry.npmjs.org/typescript/-/typescript-5.7.2.tgz",
            "integrity": "sha512-i5t66RHxDvVN40HfDd1PsEThGNnlMCMT3jMUuoh9/0TaqWevNontacunWyN02LA9/fIbEWlcHZcgTKb9QoaLfg==",
            "dev": true,
            "license": "Apache-2.0",
            "bin": {
                "tsc": "bin/tsc",
                "tsserver": "bin/tsserver"
            },
            "engines": {
                "node": ">=14.17"
            }
        }
    }
}
